// !$*UTF8*$!
{
	archiveVersion = 1;
	classes = {
	};
	objectVersion = 46;
	objects = {

/* Begin PBXBuildFile section */
		7D6600C81D956D3F00C28450 /* AppDelegate.swift in Sources */ = {isa = PBXBuildFile; fileRef = 7D6600C71D956D3F00C28450 /* AppDelegate.swift */; };
		7D6600CF1D956D3F00C28450 /* Main.storyboard in Resources */ = {isa = PBXBuildFile; fileRef = 7D6600CD1D956D3F00C28450 /* Main.storyboard */; };
		7D6600D11D956D3F00C28450 /* Assets.xcassets in Resources */ = {isa = PBXBuildFile; fileRef = 7D6600D01D956D3F00C28450 /* Assets.xcassets */; };
		7D6600D41D956D3F00C28450 /* LaunchScreen.storyboard in Resources */ = {isa = PBXBuildFile; fileRef = 7D6600D21D956D3F00C28450 /* LaunchScreen.storyboard */; };
		7D6600DF1D956D3F00C28450 /* TrailMapperTests.swift in Sources */ = {isa = PBXBuildFile; fileRef = 7D6600DE1D956D3F00C28450 /* TrailMapperTests.swift */; };
		7D6600EA1D956D3F00C28450 /* TrailMapperUITests.swift in Sources */ = {isa = PBXBuildFile; fileRef = 7D6600E91D956D3F00C28450 /* TrailMapperUITests.swift */; };
		7D6600F81D95742A00C28450 /* ExploreTrailsViewController.swift in Sources */ = {isa = PBXBuildFile; fileRef = 7D6600F71D95742A00C28450 /* ExploreTrailsViewController.swift */; };
		7D6600FA1D95743C00C28450 /* TrailTableViewController.swift in Sources */ = {isa = PBXBuildFile; fileRef = 7D6600F91D95743C00C28450 /* TrailTableViewController.swift */; };
		7D6600FC1D95745100C28450 /* Trail.swift in Sources */ = {isa = PBXBuildFile; fileRef = 7D6600FB1D95745100C28450 /* Trail.swift */; };
		7D6601011D95816F00C28450 /* Trail.swift in Sources */ = {isa = PBXBuildFile; fileRef = 7D6600FB1D95745100C28450 /* Trail.swift */; };
		7DB448291D95A9AD00F1F095 /* TrailMapTableViewCell.swift in Sources */ = {isa = PBXBuildFile; fileRef = 7DB448281D95A9AD00F1F095 /* TrailMapTableViewCell.swift */; };
		7DB4482B1D95B06900F1F095 /* TrailsTableViewController.swift in Sources */ = {isa = PBXBuildFile; fileRef = 7DB4482A1D95B06900F1F095 /* TrailsTableViewController.swift */; };
/* End PBXBuildFile section */

/* Begin PBXContainerItemProxy section */
		7D6600DB1D956D3F00C28450 /* PBXContainerItemProxy */ = {
			isa = PBXContainerItemProxy;
			containerPortal = 7D6600BC1D956D3F00C28450 /* Project object */;
			proxyType = 1;
			remoteGlobalIDString = 7D6600C31D956D3F00C28450;
			remoteInfo = TrailMapper;
		};
		7D6600E61D956D3F00C28450 /* PBXContainerItemProxy */ = {
			isa = PBXContainerItemProxy;
			containerPortal = 7D6600BC1D956D3F00C28450 /* Project object */;
			proxyType = 1;
			remoteGlobalIDString = 7D6600C31D956D3F00C28450;
			remoteInfo = TrailMapper;
		};
/* End PBXContainerItemProxy section */

/* Begin PBXFileReference section */
		7D6600C41D956D3F00C28450 /* TrailMapper.app */ = {isa = PBXFileReference; explicitFileType = wrapper.application; includeInIndex = 0; path = TrailMapper.app; sourceTree = BUILT_PRODUCTS_DIR; };
		7D6600C71D956D3F00C28450 /* AppDelegate.swift */ = {isa = PBXFileReference; lastKnownFileType = sourcecode.swift; path = AppDelegate.swift; sourceTree = "<group>"; };
		7D6600CE1D956D3F00C28450 /* Base */ = {isa = PBXFileReference; lastKnownFileType = file.storyboard; name = Base; path = Base.lproj/Main.storyboard; sourceTree = "<group>"; };
		7D6600D01D956D3F00C28450 /* Assets.xcassets */ = {isa = PBXFileReference; lastKnownFileType = folder.assetcatalog; path = Assets.xcassets; sourceTree = "<group>"; };
		7D6600D31D956D3F00C28450 /* Base */ = {isa = PBXFileReference; lastKnownFileType = file.storyboard; name = Base; path = Base.lproj/LaunchScreen.storyboard; sourceTree = "<group>"; };
		7D6600D51D956D3F00C28450 /* Info.plist */ = {isa = PBXFileReference; lastKnownFileType = text.plist.xml; path = Info.plist; sourceTree = "<group>"; };
		7D6600DA1D956D3F00C28450 /* TrailMapperTests.xctest */ = {isa = PBXFileReference; explicitFileType = wrapper.cfbundle; includeInIndex = 0; path = TrailMapperTests.xctest; sourceTree = BUILT_PRODUCTS_DIR; };
		7D6600DE1D956D3F00C28450 /* TrailMapperTests.swift */ = {isa = PBXFileReference; lastKnownFileType = sourcecode.swift; path = TrailMapperTests.swift; sourceTree = "<group>"; };
		7D6600E01D956D3F00C28450 /* Info.plist */ = {isa = PBXFileReference; lastKnownFileType = text.plist.xml; path = Info.plist; sourceTree = "<group>"; };
		7D6600E51D956D3F00C28450 /* TrailMapperUITests.xctest */ = {isa = PBXFileReference; explicitFileType = wrapper.cfbundle; includeInIndex = 0; path = TrailMapperUITests.xctest; sourceTree = BUILT_PRODUCTS_DIR; };
		7D6600E91D956D3F00C28450 /* TrailMapperUITests.swift */ = {isa = PBXFileReference; lastKnownFileType = sourcecode.swift; path = TrailMapperUITests.swift; sourceTree = "<group>"; };
		7D6600EB1D956D3F00C28450 /* Info.plist */ = {isa = PBXFileReference; lastKnownFileType = text.plist.xml; path = Info.plist; sourceTree = "<group>"; };
		7D6600F71D95742A00C28450 /* ExploreTrailsViewController.swift */ = {isa = PBXFileReference; fileEncoding = 4; lastKnownFileType = sourcecode.swift; path = ExploreTrailsViewController.swift; sourceTree = "<group>"; };
		7D6600F91D95743C00C28450 /* TrailTableViewController.swift */ = {isa = PBXFileReference; fileEncoding = 4; lastKnownFileType = sourcecode.swift; path = TrailTableViewController.swift; sourceTree = "<group>"; };
		7D6600FB1D95745100C28450 /* Trail.swift */ = {isa = PBXFileReference; fileEncoding = 4; lastKnownFileType = sourcecode.swift; path = Trail.swift; sourceTree = "<group>"; };
		7DB448281D95A9AD00F1F095 /* TrailMapTableViewCell.swift */ = {isa = PBXFileReference; fileEncoding = 4; lastKnownFileType = sourcecode.swift; path = TrailMapTableViewCell.swift; sourceTree = "<group>"; };
		7DB4482A1D95B06900F1F095 /* TrailsTableViewController.swift */ = {isa = PBXFileReference; fileEncoding = 4; lastKnownFileType = sourcecode.swift; path = TrailsTableViewController.swift; sourceTree = "<group>"; };
/* End PBXFileReference section */

/* Begin PBXFrameworksBuildPhase section */
		7D6600C11D956D3F00C28450 /* Frameworks */ = {
			isa = PBXFrameworksBuildPhase;
			buildActionMask = 2147483647;
			files = (
			);
			runOnlyForDeploymentPostprocessing = 0;
		};
		7D6600D71D956D3F00C28450 /* Frameworks */ = {
			isa = PBXFrameworksBuildPhase;
			buildActionMask = 2147483647;
			files = (
			);
			runOnlyForDeploymentPostprocessing = 0;
		};
		7D6600E21D956D3F00C28450 /* Frameworks */ = {
			isa = PBXFrameworksBuildPhase;
			buildActionMask = 2147483647;
			files = (
			);
			runOnlyForDeploymentPostprocessing = 0;
		};
/* End PBXFrameworksBuildPhase section */

/* Begin PBXGroup section */
		7D6600BB1D956D3F00C28450 = {
			isa = PBXGroup;
			children = (
				7D6600C61D956D3F00C28450 /* TrailMapper */,
				7D6600DD1D956D3F00C28450 /* TrailMapperTests */,
				7D6600E81D956D3F00C28450 /* TrailMapperUITests */,
				7D6600C51D956D3F00C28450 /* Products */,
			);
			sourceTree = "<group>";
		};
		7D6600C51D956D3F00C28450 /* Products */ = {
			isa = PBXGroup;
			children = (
				7D6600C41D956D3F00C28450 /* TrailMapper.app */,
				7D6600DA1D956D3F00C28450 /* TrailMapperTests.xctest */,
				7D6600E51D956D3F00C28450 /* TrailMapperUITests.xctest */,
			);
			name = Products;
			sourceTree = "<group>";
		};
		7D6600C61D956D3F00C28450 /* TrailMapper */ = {
			isa = PBXGroup;
			children = (
				7D6600C71D956D3F00C28450 /* AppDelegate.swift */,
				7D6600FD1D95745700C28450 /* Models */,
				7D9400FD1D95B6BD007F3C25 /* Views */,
				7D6600FE1D95745F00C28450 /* View Controllers */,
				7D6600CD1D956D3F00C28450 /* Main.storyboard */,
				7D6600D01D956D3F00C28450 /* Assets.xcassets */,
				7D6600D21D956D3F00C28450 /* LaunchScreen.storyboard */,
				7D6600D51D956D3F00C28450 /* Info.plist */,
			);
			path = TrailMapper;
			sourceTree = "<group>";
		};
		7D6600DD1D956D3F00C28450 /* TrailMapperTests */ = {
			isa = PBXGroup;
			children = (
				7D6600DE1D956D3F00C28450 /* TrailMapperTests.swift */,
				7D6600E01D956D3F00C28450 /* Info.plist */,
			);
			path = TrailMapperTests;
			sourceTree = "<group>";
		};
		7D6600E81D956D3F00C28450 /* TrailMapperUITests */ = {
			isa = PBXGroup;
			children = (
				7D6600E91D956D3F00C28450 /* TrailMapperUITests.swift */,
				7D6600EB1D956D3F00C28450 /* Info.plist */,
			);
			path = TrailMapperUITests;
			sourceTree = "<group>";
		};
		7D6600FD1D95745700C28450 /* Models */ = {
			isa = PBXGroup;
			children = (
				7D6600FB1D95745100C28450 /* Trail.swift */,
			);
			name = Models;
			sourceTree = "<group>";
		};
		7D6600FE1D95745F00C28450 /* View Controllers */ = {
			isa = PBXGroup;
			children = (
				7D6600F71D95742A00C28450 /* ExploreTrailsViewController.swift */,
				7D6600F91D95743C00C28450 /* TrailTableViewController.swift */,
				7DB4482A1D95B06900F1F095 /* TrailsTableViewController.swift */,
			);
			name = "View Controllers";
			sourceTree = "<group>";
		};
		7D9400FD1D95B6BD007F3C25 /* Views */ = {
			isa = PBXGroup;
			children = (
				7DB448281D95A9AD00F1F095 /* TrailMapTableViewCell.swift */,
			);
			name = Views;
			sourceTree = "<group>";
		};
/* End PBXGroup section */

/* Begin PBXNativeTarget section */
		7D6600C31D956D3F00C28450 /* TrailMapper */ = {
			isa = PBXNativeTarget;
			buildConfigurationList = 7D6600EE1D956D3F00C28450 /* Build configuration list for PBXNativeTarget "TrailMapper" */;
			buildPhases = (
				7D6600C01D956D3F00C28450 /* Sources */,
				7D6600C11D956D3F00C28450 /* Frameworks */,
				7D6600C21D956D3F00C28450 /* Resources */,
			);
			buildRules = (
			);
			dependencies = (
			);
			name = TrailMapper;
			productName = TrailMapper;
			productReference = 7D6600C41D956D3F00C28450 /* TrailMapper.app */;
			productType = "com.apple.product-type.application";
		};
		7D6600D91D956D3F00C28450 /* TrailMapperTests */ = {
			isa = PBXNativeTarget;
			buildConfigurationList = 7D6600F11D956D3F00C28450 /* Build configuration list for PBXNativeTarget "TrailMapperTests" */;
			buildPhases = (
				7D6600D61D956D3F00C28450 /* Sources */,
				7D6600D71D956D3F00C28450 /* Frameworks */,
				7D6600D81D956D3F00C28450 /* Resources */,
			);
			buildRules = (
			);
			dependencies = (
				7D6600DC1D956D3F00C28450 /* PBXTargetDependency */,
			);
			name = TrailMapperTests;
			productName = TrailMapperTests;
			productReference = 7D6600DA1D956D3F00C28450 /* TrailMapperTests.xctest */;
			productType = "com.apple.product-type.bundle.unit-test";
		};
		7D6600E41D956D3F00C28450 /* TrailMapperUITests */ = {
			isa = PBXNativeTarget;
			buildConfigurationList = 7D6600F41D956D3F00C28450 /* Build configuration list for PBXNativeTarget "TrailMapperUITests" */;
			buildPhases = (
				7D6600E11D956D3F00C28450 /* Sources */,
				7D6600E21D956D3F00C28450 /* Frameworks */,
				7D6600E31D956D3F00C28450 /* Resources */,
			);
			buildRules = (
			);
			dependencies = (
				7D6600E71D956D3F00C28450 /* PBXTargetDependency */,
			);
			name = TrailMapperUITests;
			productName = TrailMapperUITests;
			productReference = 7D6600E51D956D3F00C28450 /* TrailMapperUITests.xctest */;
			productType = "com.apple.product-type.bundle.ui-testing";
		};
/* End PBXNativeTarget section */

/* Begin PBXProject section */
		7D6600BC1D956D3F00C28450 /* Project object */ = {
			isa = PBXProject;
			attributes = {
				LastSwiftUpdateCheck = 0800;
				LastUpgradeCheck = 0800;
				ORGANIZATIONNAME = "Connor Crawford";
				TargetAttributes = {
					7D6600C31D956D3F00C28450 = {
						CreatedOnToolsVersion = 8.0;
						DevelopmentTeam = LVQAV2S2JC;
						ProvisioningStyle = Automatic;
					};
					7D6600D91D956D3F00C28450 = {
						CreatedOnToolsVersion = 8.0;
						DevelopmentTeam = LVQAV2S2JC;
						ProvisioningStyle = Automatic;
						TestTargetID = 7D6600C31D956D3F00C28450;
					};
					7D6600E41D956D3F00C28450 = {
						CreatedOnToolsVersion = 8.0;
						DevelopmentTeam = LVQAV2S2JC;
						ProvisioningStyle = Automatic;
						TestTargetID = 7D6600C31D956D3F00C28450;
					};
				};
			};
			buildConfigurationList = 7D6600BF1D956D3F00C28450 /* Build configuration list for PBXProject "TrailMapper" */;
			compatibilityVersion = "Xcode 3.2";
			developmentRegion = English;
			hasScannedForEncodings = 0;
			knownRegions = (
				en,
				Base,
			);
			mainGroup = 7D6600BB1D956D3F00C28450;
			productRefGroup = 7D6600C51D956D3F00C28450 /* Products */;
			projectDirPath = "";
			projectRoot = "";
			targets = (
				7D6600C31D956D3F00C28450 /* TrailMapper */,
				7D6600D91D956D3F00C28450 /* TrailMapperTests */,
				7D6600E41D956D3F00C28450 /* TrailMapperUITests */,
			);
		};
/* End PBXProject section */

/* Begin PBXResourcesBuildPhase section */
		7D6600C21D956D3F00C28450 /* Resources */ = {
			isa = PBXResourcesBuildPhase;
			buildActionMask = 2147483647;
			files = (
				7D6600D41D956D3F00C28450 /* LaunchScreen.storyboard in Resources */,
				7D6600D11D956D3F00C28450 /* Assets.xcassets in Resources */,
				7D6600CF1D956D3F00C28450 /* Main.storyboard in Resources */,
			);
			runOnlyForDeploymentPostprocessing = 0;
		};
		7D6600D81D956D3F00C28450 /* Resources */ = {
			isa = PBXResourcesBuildPhase;
			buildActionMask = 2147483647;
			files = (
			);
			runOnlyForDeploymentPostprocessing = 0;
		};
		7D6600E31D956D3F00C28450 /* Resources */ = {
			isa = PBXResourcesBuildPhase;
			buildActionMask = 2147483647;
			files = (
			);
			runOnlyForDeploymentPostprocessing = 0;
		};
/* End PBXResourcesBuildPhase section */

/* Begin PBXSourcesBuildPhase section */
		7D6600C01D956D3F00C28450 /* Sources */ = {
			isa = PBXSourcesBuildPhase;
			buildActionMask = 2147483647;
			files = (
				7D6600C81D956D3F00C28450 /* AppDelegate.swift in Sources */,
				7D6600FA1D95743C00C28450 /* TrailTableViewController.swift in Sources */,
				7DB448291D95A9AD00F1F095 /* TrailMapTableViewCell.swift in Sources */,
				7D6600FC1D95745100C28450 /* Trail.swift in Sources */,
				7DB4482B1D95B06900F1F095 /* TrailsTableViewController.swift in Sources */,
				7D6600F81D95742A00C28450 /* ExploreTrailsViewController.swift in Sources */,
			);
			runOnlyForDeploymentPostprocessing = 0;
		};
		7D6600D61D956D3F00C28450 /* Sources */ = {
			isa = PBXSourcesBuildPhase;
			buildActionMask = 2147483647;
			files = (
				7D6601011D95816F00C28450 /* Trail.swift in Sources */,
				7D6600DF1D956D3F00C28450 /* TrailMapperTests.swift in Sources */,
			);
			runOnlyForDeploymentPostprocessing = 0;
		};
		7D6600E11D956D3F00C28450 /* Sources */ = {
			isa = PBXSourcesBuildPhase;
			buildActionMask = 2147483647;
			files = (
				7D6600EA1D956D3F00C28450 /* TrailMapperUITests.swift in Sources */,
			);
			runOnlyForDeploymentPostprocessing = 0;
		};
/* End PBXSourcesBuildPhase section */

/* Begin PBXTargetDependency section */
		7D6600DC1D956D3F00C28450 /* PBXTargetDependency */ = {
			isa = PBXTargetDependency;
			target = 7D6600C31D956D3F00C28450 /* TrailMapper */;
			targetProxy = 7D6600DB1D956D3F00C28450 /* PBXContainerItemProxy */;
		};
		7D6600E71D956D3F00C28450 /* PBXTargetDependency */ = {
			isa = PBXTargetDependency;
			target = 7D6600C31D956D3F00C28450 /* TrailMapper */;
			targetProxy = 7D6600E61D956D3F00C28450 /* PBXContainerItemProxy */;
		};
/* End PBXTargetDependency section */

/* Begin PBXVariantGroup section */
		7D6600CD1D956D3F00C28450 /* Main.storyboard */ = {
			isa = PBXVariantGroup;
			children = (
				7D6600CE1D956D3F00C28450 /* Base */,
			);
			name = Main.storyboard;
			sourceTree = "<group>";
		};
		7D6600D21D956D3F00C28450 /* LaunchScreen.storyboard */ = {
			isa = PBXVariantGroup;
			children = (
				7D6600D31D956D3F00C28450 /* Base */,
			);
			name = LaunchScreen.storyboard;
			sourceTree = "<group>";
		};
/* End PBXVariantGroup section */

/* Begin XCBuildConfiguration section */
		7D6600EC1D956D3F00C28450 /* Debug */ = {
			isa = XCBuildConfiguration;
			buildSettings = {
				ALWAYS_SEARCH_USER_PATHS = NO;
				CLANG_ANALYZER_NONNULL = YES;
				CLANG_CXX_LANGUAGE_STANDARD = "gnu++0x";
				CLANG_CXX_LIBRARY = "libc++";
				CLANG_ENABLE_MODULES = YES;
				CLANG_ENABLE_OBJC_ARC = YES;
				CLANG_WARN_BOOL_CONVERSION = YES;
				CLANG_WARN_CONSTANT_CONVERSION = YES;
				CLANG_WARN_DIRECT_OBJC_ISA_USAGE = YES_ERROR;
				CLANG_WARN_DOCUMENTATION_COMMENTS = YES;
				CLANG_WARN_EMPTY_BODY = YES;
				CLANG_WARN_ENUM_CONVERSION = YES;
				CLANG_WARN_INFINITE_RECURSION = YES;
				CLANG_WARN_INT_CONVERSION = YES;
				CLANG_WARN_OBJC_ROOT_CLASS = YES_ERROR;
				CLANG_WARN_SUSPICIOUS_MOVES = YES;
				CLANG_WARN_UNREACHABLE_CODE = YES;
				CLANG_WARN__DUPLICATE_METHOD_MATCH = YES;
				"CODE_SIGN_IDENTITY[sdk=iphoneos*]" = "iPhone Developer";
				COPY_PHASE_STRIP = NO;
				DEBUG_INFORMATION_FORMAT = dwarf;
				ENABLE_STRICT_OBJC_MSGSEND = YES;
				ENABLE_TESTABILITY = YES;
				GCC_C_LANGUAGE_STANDARD = gnu99;
				GCC_DYNAMIC_NO_PIC = NO;
				GCC_NO_COMMON_BLOCKS = YES;
				GCC_OPTIMIZATION_LEVEL = 0;
				GCC_PREPROCESSOR_DEFINITIONS = (
					"DEBUG=1",
					"$(inherited)",
				);
				GCC_WARN_64_TO_32_BIT_CONVERSION = YES;
				GCC_WARN_ABOUT_RETURN_TYPE = YES_ERROR;
				GCC_WARN_UNDECLARED_SELECTOR = YES;
				GCC_WARN_UNINITIALIZED_AUTOS = YES_AGGRESSIVE;
				GCC_WARN_UNUSED_FUNCTION = YES;
				GCC_WARN_UNUSED_VARIABLE = YES;
				IPHONEOS_DEPLOYMENT_TARGET = 10.0;
				MTL_ENABLE_DEBUG_INFO = YES;
				ONLY_ACTIVE_ARCH = YES;
				SDKROOT = iphoneos;
				SWIFT_ACTIVE_COMPILATION_CONDITIONS = DEBUG;
				SWIFT_OPTIMIZATION_LEVEL = "-Onone";
				TARGETED_DEVICE_FAMILY = "1,2";
			};
			name = Debug;
		};
		7D6600ED1D956D3F00C28450 /* Release */ = {
			isa = XCBuildConfiguration;
			buildSettings = {
				ALWAYS_SEARCH_USER_PATHS = NO;
				CLANG_ANALYZER_NONNULL = YES;
				CLANG_CXX_LANGUAGE_STANDARD = "gnu++0x";
				CLANG_CXX_LIBRARY = "libc++";
				CLANG_ENABLE_MODULES = YES;
				CLANG_ENABLE_OBJC_ARC = YES;
				CLANG_WARN_BOOL_CONVERSION = YES;
				CLANG_WARN_CONSTANT_CONVERSION = YES;
				CLANG_WARN_DIRECT_OBJC_ISA_USAGE = YES_ERROR;
				CLANG_WARN_DOCUMENTATION_COMMENTS = YES;
				CLANG_WARN_EMPTY_BODY = YES;
				CLANG_WARN_ENUM_CONVERSION = YES;
				CLANG_WARN_INFINITE_RECURSION = YES;
				CLANG_WARN_INT_CONVERSION = YES;
				CLANG_WARN_OBJC_ROOT_CLASS = YES_ERROR;
				CLANG_WARN_SUSPICIOUS_MOVES = YES;
				CLANG_WARN_UNREACHABLE_CODE = YES;
				CLANG_WARN__DUPLICATE_METHOD_MATCH = YES;
				"CODE_SIGN_IDENTITY[sdk=iphoneos*]" = "iPhone Developer";
				COPY_PHASE_STRIP = NO;
				DEBUG_INFORMATION_FORMAT = "dwarf-with-dsym";
				ENABLE_NS_ASSERTIONS = NO;
				ENABLE_STRICT_OBJC_MSGSEND = YES;
				GCC_C_LANGUAGE_STANDARD = gnu99;
				GCC_NO_COMMON_BLOCKS = YES;
				GCC_WARN_64_TO_32_BIT_CONVERSION = YES;
				GCC_WARN_ABOUT_RETURN_TYPE = YES_ERROR;
				GCC_WARN_UNDECLARED_SELECTOR = YES;
				GCC_WARN_UNINITIALIZED_AUTOS = YES_AGGRESSIVE;
				GCC_WARN_UNUSED_FUNCTION = YES;
				GCC_WARN_UNUSED_VARIABLE = YES;
				IPHONEOS_DEPLOYMENT_TARGET = 10.0;
				MTL_ENABLE_DEBUG_INFO = NO;
				SDKROOT = iphoneos;
				SWIFT_OPTIMIZATION_LEVEL = "-Owholemodule";
				TARGETED_DEVICE_FAMILY = "1,2";
				VALIDATE_PRODUCT = YES;
			};
			name = Release;
		};
		7D6600EF1D956D3F00C28450 /* Debug */ = {
			isa = XCBuildConfiguration;
			buildSettings = {
				ASSETCATALOG_COMPILER_APPICON_NAME = AppIcon;
				DEVELOPMENT_TEAM = LVQAV2S2JC;
				INFOPLIST_FILE = TrailMapper/Info.plist;
				LD_RUNPATH_SEARCH_PATHS = "$(inherited) @executable_path/Frameworks";
				PRODUCT_BUNDLE_IDENTIFIER = me.ConnorCrawford.TrailMapper;
				PRODUCT_NAME = "$(TARGET_NAME)";
				SWIFT_VERSION = 3.0;
			};
			name = Debug;
		};
		7D6600F01D956D3F00C28450 /* Release */ = {
			isa = XCBuildConfiguration;
			buildSettings = {
				ASSETCATALOG_COMPILER_APPICON_NAME = AppIcon;
				DEVELOPMENT_TEAM = LVQAV2S2JC;
				INFOPLIST_FILE = TrailMapper/Info.plist;
				LD_RUNPATH_SEARCH_PATHS = "$(inherited) @executable_path/Frameworks";
				PRODUCT_BUNDLE_IDENTIFIER = me.ConnorCrawford.TrailMapper;
				PRODUCT_NAME = "$(TARGET_NAME)";
				SWIFT_VERSION = 3.0;
			};
			name = Release;
		};
		7D6600F21D956D3F00C28450 /* Debug */ = {
			isa = XCBuildConfiguration;
			buildSettings = {
				ALWAYS_EMBED_SWIFT_STANDARD_LIBRARIES = YES;
				BUNDLE_LOADER = "$(TEST_HOST)";
				DEVELOPMENT_TEAM = LVQAV2S2JC;
				INFOPLIST_FILE = TrailMapperTests/Info.plist;
				LD_RUNPATH_SEARCH_PATHS = "$(inherited) @executable_path/Frameworks @loader_path/Frameworks";
				PRODUCT_BUNDLE_IDENTIFIER = me.ConnorCrawford.TrailMapperTests;
				PRODUCT_NAME = "$(TARGET_NAME)";
				SWIFT_VERSION = 3.0;
				TEST_HOST = "$(BUILT_PRODUCTS_DIR)/TrailMapper.app/TrailMapper";
			};
			name = Debug;
		};
		7D6600F31D956D3F00C28450 /* Release */ = {
			isa = XCBuildConfiguration;
			buildSettings = {
				ALWAYS_EMBED_SWIFT_STANDARD_LIBRARIES = YES;
				BUNDLE_LOADER = "$(TEST_HOST)";
				DEVELOPMENT_TEAM = LVQAV2S2JC;
				INFOPLIST_FILE = TrailMapperTests/Info.plist;
				LD_RUNPATH_SEARCH_PATHS = "$(inherited) @executable_path/Frameworks @loader_path/Frameworks";
				PRODUCT_BUNDLE_IDENTIFIER = me.ConnorCrawford.TrailMapperTests;
				PRODUCT_NAME = "$(TARGET_NAME)";
				SWIFT_VERSION = 3.0;
				TEST_HOST = "$(BUILT_PRODUCTS_DIR)/TrailMapper.app/TrailMapper";
			};
			name = Release;
		};
		7D6600F51D956D3F00C28450 /* Debug */ = {
			isa = XCBuildConfiguration;
			buildSettings = {
				ALWAYS_EMBED_SWIFT_STANDARD_LIBRARIES = YES;
				DEVELOPMENT_TEAM = LVQAV2S2JC;
				INFOPLIST_FILE = TrailMapperUITests/Info.plist;
				LD_RUNPATH_SEARCH_PATHS = "$(inherited) @executable_path/Frameworks @loader_path/Frameworks";
				PRODUCT_BUNDLE_IDENTIFIER = me.ConnorCrawford.TrailMapperUITests;
				PRODUCT_NAME = "$(TARGET_NAME)";
				SWIFT_VERSION = 3.0;
				TEST_TARGET_NAME = TrailMapper;
			};
			name = Debug;
		};
		7D6600F61D956D3F00C28450 /* Release */ = {
			isa = XCBuildConfiguration;
			buildSettings = {
				ALWAYS_EMBED_SWIFT_STANDARD_LIBRARIES = YES;
				DEVELOPMENT_TEAM = LVQAV2S2JC;
				INFOPLIST_FILE = TrailMapperUITests/Info.plist;
				LD_RUNPATH_SEARCH_PATHS = "$(inherited) @executable_path/Frameworks @loader_path/Frameworks";
				PRODUCT_BUNDLE_IDENTIFIER = me.ConnorCrawford.TrailMapperUITests;
				PRODUCT_NAME = "$(TARGET_NAME)";
				SWIFT_VERSION = 3.0;
				TEST_TARGET_NAME = TrailMapper;
			};
			name = Release;
		};
/* End XCBuildConfiguration section */

/* Begin XCConfigurationList section */
		7D6600BF1D956D3F00C28450 /* Build configuration list for PBXProject "TrailMapper" */ = {
			isa = XCConfigurationList;
			buildConfigurations = (
				7D6600EC1D956D3F00C28450 /* Debug */,
				7D6600ED1D956D3F00C28450 /* Release */,
			);
			defaultConfigurationIsVisible = 0;
			defaultConfigurationName = Release;
		};
		7D6600EE1D956D3F00C28450 /* Build configuration list for PBXNativeTarget "TrailMapper" */ = {
			isa = XCConfigurationList;
			buildConfigurations = (
				7D6600EF1D956D3F00C28450 /* Debug */,
				7D6600F01D956D3F00C28450 /* Release */,
			);
			defaultConfigurationIsVisible = 0;
			defaultConfigurationName = Release;
		};
		7D6600F11D956D3F00C28450 /* Build configuration list for PBXNativeTarget "TrailMapperTests" */ = {
			isa = XCConfigurationList;
			buildConfigurations = (
				7D6600F21D956D3F00C28450 /* Debug */,
				7D6600F31D956D3F00C28450 /* Release */,
			);
			defaultConfigurationIsVisible = 0;
			defaultConfigurationName = Release;
		};
		7D6600F41D956D3F00C28450 /* Build configuration list for PBXNativeTarget "TrailMapperUITests" */ = {
			isa = XCConfigurationList;
			buildConfigurations = (
				7D6600F51D956D3F00C28450 /* Debug */,
				7D6600F61D956D3F00C28450 /* Release */,
			);
			defaultConfigurationIsVisible = 0;
			defaultConfigurationName = Release;
		};
/* End XCConfigurationList section */
	};
	rootObject = 7D6600BC1D956D3F00C28450 /* Project object */;
}
